{
  "name": "my-app",
  "version": "0.1.0",
  "lockfileVersion": 1,
  "requires": true,
  "dependencies": {
    "@sentry/cli": {
      "version": "1.37.0",
      "resolved": "https://registry.npmjs.org/@sentry/cli/-/cli-1.37.0.tgz",
      "integrity": "sha512-xNVclYfg/YkwAFA9Nv6dsvDYeZmH8vSA8I4sTZ8aRg8meAHxMyTCNv9ZwkfGlSYn2hQND9VlTiolx0od0LZ0Eg==",
      "dependencies": {
        "node-fetch": {
          "version": "2.3.0",
          "resolved": "https://registry.npmjs.org/node-fetch/-/node-fetch-2.3.0.tgz",
          "integrity": "sha512-MOd8pV3fxENbryESLgVIeaGKrdl+uaYhCSSVkjeOb/31/njTpcis5aWfdqgNlHIrKOLRbMnfPINPOML2CIFeXA=="
        },
        "progress": {
          "version": "2.0.0",
          "resolved": "https://registry.npmjs.org/progress/-/progress-2.0.0.tgz",
          "integrity": "sha1-ihvjZr+Pwj2yvSPxDG/pILQ4nR8="
        }
      }
    },
    "@zeit/schemas": {
      "version": "2.6.0",
      "resolved": "https://registry.npmjs.org/@zeit/schemas/-/schemas-2.6.0.tgz",
      "integrity": "sha512-uUrgZ8AxS+Lio0fZKAipJjAh415JyrOZowliZAzmnJSsf7piVL5w+G0+gFJ0KSu3QRhvui/7zuvpLz03YjXAhg=="
    },
    "arg": {
      "version": "2.0.0",
      "resolved": "http://registry.npmjs.org/arg/-/arg-2.0.0.tgz",
      "integrity": "sha512-XxNTUzKnz1ctK3ZIcI2XUPlD96wbHP2nGqkPKpvk/HNRlPveYrXIVSTk9m3LcqOgDPg3B1nMvdV/K8wZd7PG4w=="
    },
    "cli-boxes": {
      "version": "1.0.0",
      "resolved": "https://registry.npmjs.org/cli-boxes/-/cli-boxes-1.0.0.tgz",
      "integrity": "sha1-T6kXw+WclKAEzWH47lCdplFocUM="
    },
    "clipboardy": {
      "version": "1.2.3",
      "resolved": "https://registry.npmjs.org/clipboardy/-/clipboardy-1.2.3.tgz",
      "integrity": "sha512-2WNImOvCRe6r63Gk9pShfkwXsVtKCroMAevIbiae021mS850UkWPbevxsBz3tnvjZIEGvlwaqCPsw+4ulzNgJA==",
      "dependencies": {
        "cross-spawn": {
          "version": "5.1.0",
          "resolved": "https://registry.npmjs.org/cross-spawn/-/cross-spawn-5.1.0.tgz",
          "integrity": "sha1-6L0O/uWPz/b4+UUQoKVUu/ojVEk="
        },
        "execa": {
          "version": "0.8.0",
          "resolved": "https://registry.npmjs.org/execa/-/execa-0.8.0.tgz",
          "integrity": "sha1-2NdrvBtVIX7RkP1t1J08d07PyNo="
        }
      }
    },
    "color-convert": {
      "version": "1.9.0",
      "resolved": "https://registry.npmjs.org/color-convert/-/color-convert-1.9.0.tgz",
      "integrity": "sha1-Gsz5fdc5uYO/mU1W/sj5WFNkG3o="
    },
    "content-disposition": {
      "version": "0.5.2",
      "resolved": "https://registry.npmjs.org/content-disposition/-/content-disposition-0.5.2.tgz",
      "integrity": "sha1-DPaLud318r55YcOoUXjLhdunjLQ="
    },
    "escape-string-regexp": {
      "version": "1.0.5",
      "resolved": "https://registry.npmjs.org/escape-string-regexp/-/escape-string-regexp-1.0.5.tgz",
      "integrity": "sha1-G2HAViGQqN/2rjuyzwIAyhMLhtQ="
    },
    "fast-json-stable-stringify": {
      "version": "2.0.0",
      "resolved": "https://registry.npmjs.org/fast-json-stable-stringify/-/fast-json-stable-stringify-2.0.0.tgz",
      "integrity": "sha1-1RQsDK7msRifh9OnYREGT4bIu/I="
    },
    "fast-url-parser": {
      "version": "1.1.3",
      "resolved": "https://registry.npmjs.org/fast-url-parser/-/fast-url-parser-1.1.3.tgz",
      "integrity": "sha1-9K8+qfNNiicc9YrSs3WfQx8LMY0="
    },
    "gh-pages": {
      "version": "1.2.0",
      "resolved": "https://registry.npmjs.org/gh-pages/-/gh-pages-1.2.0.tgz",
      "integrity": "sha512-cGLYAvxtlQ1iTwAS4g7FreZPXoE/g62Fsxln2mmR19mgs4zZI+XJ+wVVUhBFCF/0+Nmvbq+abyTWue1m1BSnmg==",
      "dev": true,
      "dependencies": {
        "async": {
          "version": "2.6.1",
          "resolved": "https://registry.npmjs.org/async/-/async-2.6.1.tgz",
          "integrity": "sha512-fNEiL2+AZt6AlAw/29Cr0UDe4sRAHCpEHh54WMz+Bb7QfNcFw4h3loofyJpLeQs4Yx7yuqu/2dLgM5hKOs6HlQ=="
        },
        "commander": {
          "version": "2.15.1",
          "resolved": "https://registry.npmjs.org/commander/-/commander-2.15.1.tgz",
          "integrity": "sha512-VlfT9F3V0v+jr4yxPc5gg9s62/fIVWsd2Bk2iD435um1NlGMYdVCq+MjcXnhYq2icNOizHr1kK+5TI6H0Hy0ag=="
        },
        "fs-extra": {
          "version": "5.0.0",
          "resolved": "https://registry.npmjs.org/fs-extra/-/fs-extra-5.0.0.tgz",
          "integrity": "sha512-66Pm4RYbjzdyeuqudYqhFiNBbCIuI9kgRqLPSHIlXHidW8NIQtVdkM1yeZ4lXwuhbTETv3EUGMNHAAw6hiundQ=="
        },
        "globby": {
          "version": "6.1.0",
          "resolved": "https://registry.npmjs.org/globby/-/globby-6.1.0.tgz",
          "integrity": "sha1-9abXDoOV4hyFj7BInWTfAkJNUGw="
        },
        "jsonfile": {
          "version": "4.0.0",
          "resolved": "https://registry.npmjs.org/jsonfile/-/jsonfile-4.0.0.tgz",
          "integrity": "sha1-h3Gq4HmbZAdrdmQPygWPnBDjPss="
        },
        "lodash": {
          "version": "4.17.11",
          "resolved": "https://registry.npmjs.org/lodash/-/lodash-4.17.11.tgz",
          "integrity": "sha512-cQKh8igo5QUhZ7lg38DYWAxMvjSAKG0A8wGSVimP07SIUEK2UO+arSRKbRZWtelMtN5V0Hkwh5ryOto/SshYIg=="
        },
        "rimraf": {
          "version": "2.6.2",
          "resolved": "https://registry.npmjs.org/rimraf/-/rimraf-2.6.2.tgz",
          "integrity": "sha512-lreewLK/BlghmxtfH36YYVg1i8IAce4TI7oao75I1g245+6BctqTVQiBP3YUJ9C6DQOXJmkYR9X9fCLtCOJc5w=="
        }
      }
    },
    "history": {
      "version": "1.17.0",
      "resolved": "https://registry.npmjs.org/history/-/history-1.17.0.tgz",
      "integrity": "sha1-xUg8qlodH+oAoafY0ZuHQBZxHSk=",
      "dependencies": {
        "query-string": {
          "version": "3.0.3",
          "resolved": "https://registry.npmjs.org/query-string/-/query-string-3.0.3.tgz",
          "integrity": "sha1-ri4UtNBQcdTpuetIc8NbDc1C5jg="
        },
        "warning": {
          "version": "2.1.0",
          "resolved": "https://registry.npmjs.org/warning/-/warning-2.1.0.tgz",
          "integrity": "sha1-ISINnGOvx3qMkhEeARr3Bc4MaQE="
        }
      }
    },
    "material-ui": {
      "version": "0.18.7",
      "resolved": "https://registry.npmjs.org/material-ui/-/material-ui-0.18.7.tgz",
      "integrity": "sha1-uHrxY1fmlms2wj1InrLtcHRtJfg="
    },
    "minimatch": {
      "version": "3.0.4",
      "resolved": "https://registry.npmjs.org/minimatch/-/minimatch-3.0.4.tgz",
      "integrity": "sha512-yJHVQEhyqPLUTgt9B83PXu6W3rx4MvvHvSUvToogpwoGDOUQ+yDrR0HRot+yOCdCO7u4hX3pWft6kWBBcqh0UA=="
    },
    "ms": {
      "version": "2.0.0",
      "resolved": "https://registry.npmjs.org/ms/-/ms-2.0.0.tgz",
      "integrity": "sha1-VgiurfwAvmwpAd9fmGF4jeDVl8g="
    },
    "on-headers": {
      "version": "1.0.1",
      "resolved": "https://registry.npmjs.org/on-headers/-/on-headers-1.0.1.tgz",
      "integrity": "sha1-ko9dD0cNSTQmUepnlLCFfBAGk/c="
    },
    "path-is-inside": {
      "version": "1.0.2",
      "resolved": "https://registry.npmjs.org/path-is-inside/-/path-is-inside-1.0.2.tgz",
      "integrity": "sha1-NlQX3t5EQw0cEa9hAn+s8HS9/FM="
    },
    "range-parser": {
      "version": "1.2.0",
      "resolved": "https://registry.npmjs.org/range-parser/-/range-parser-1.2.0.tgz",
      "integrity": "sha1-9JvmtIeJTdxA3MlKMi9hEJLgDV4="
    },
    "react": {
      "version": "15.6.2",
      "resolved": "https://registry.npmjs.org/react/-/react-15.6.2.tgz",
      "integrity": "sha1-26BDSrQ5z+gvEI8PURZjkIF5qnI="
    },
    "react-dom": {
      "version": "15.6.2",
      "resolved": "https://registry.npmjs.org/react-dom/-/react-dom-15.6.2.tgz",
      "integrity": "sha1-Qc+t9pO3V/rycIRDodH9WgK+9zA="
    },
    "react-router": {
      "version": "1.0.3",
      "resolved": "https://registry.npmjs.org/react-router/-/react-router-1.0.3.tgz",
      "integrity": "sha1-mA7KoFW4bkfIZUjCMq4FqIpB8Lc=",
      "dependencies": {
        "warning": {
          "version": "2.1.0",
          "resolved": "https://registry.npmjs.org/warning/-/warning-2.1.0.tgz",
          "integrity": "sha1-ISINnGOvx3qMkhEeARr3Bc4MaQE="
        }
      }
    },
    "react-scripts": {
      "version": "1.0.10",
      "resolved": "https://registry.npmjs.org/react-scripts/-/react-scripts-1.0.10.tgz",
      "integrity": "sha1-h2A1WUdCIg9A/7hlpMfo3A+nriM=",
      "dependencies": {
        "dotenv": {
          "version": "4.0.0",
          "resolved": "https://registry.npmjs.org/dotenv/-/dotenv-4.0.0.tgz",
          "integrity": "sha1-hk7xN5rO1Vzm+V3r7NzhefegzR0="
        },
        "promise": {
          "version": "7.1.1",
          "resolved": "https://registry.npmjs.org/promise/-/promise-7.1.1.tgz",
          "integrity": "sha1-SJZUxpJha4qlWwck+oCbt9tJxb8="
        }
      }
    },
    "request": {
      "version": "2.88.0",
      "resolved": "https://registry.npmjs.org/request/-/request-2.88.0.tgz",
      "integrity": "sha512-NAqBSrijGLZdM0WZNsInLJpkJokL72XYjUpnB0iwsRgxh7dB6COrHnTBNwN0E+lHDAJzu7kLAkDeY08z2/A0hg==",
      "dependencies": {
        "mime-db": {
          "version": "1.37.0",
          "resolved": "https://registry.npmjs.org/mime-db/-/mime-db-1.37.0.tgz",
          "integrity": "sha512-R3C4db6bgQhlIhPU48fUtdVmKnflq+hRdad7IyKhtFj06VPNVdk2RhiYL3UjQIlso8L+YxAtFkobT0VK+S/ybg=="
        },
        "mime-types": {
          "version": "2.1.21",
          "resolved": "https://registry.npmjs.org/mime-types/-/mime-types-2.1.21.tgz",
          "integrity": "sha512-3iL6DbwpyLzjR3xHSFNFeb9Nz/M8WDkX33t1GFQnFOllWk8pOrh/LSrB5OXlnlW5P9LH73X6loW/eogc+F5lJg=="
        },
        "qs": {
          "version": "6.5.2",
          "resolved": "https://registry.npmjs.org/qs/-/qs-6.5.2.tgz",
          "integrity": "sha512-N5ZAX4/LxJmF+7wN74pUD6qAh9/wnvdQcjq9TZjevvXzSUo7bfmw91saqMjzGS2xq91/odN2dW/WOl7qQHNDGA=="
        },
        "safe-buffer": {
          "version": "5.1.2",
          "resolved": "https://registry.npmjs.org/safe-buffer/-/safe-buffer-5.1.2.tgz",
          "integrity": "sha512-Gd2UZBJDkXlY7GbJxfsE8/nvKkUEU1G38c1siN6QP6a9PT9MmHB8GnpscSmMJSoF8LOIrt8ud/wPtojys4G6+g=="
        },
        "tough-cookie": {
          "version": "2.4.3",
          "resolved": "https://registry.npmjs.org/tough-cookie/-/tough-cookie-2.4.3.tgz",
          "integrity": "sha512-Q5srk/4vDM54WJsJio3XNn6K2sCG+CQ8G5Wz6bZhRZoAe/+TxjWB/GlFAnYEbkYVlON9FMk/fE3h2RLpPXo4lQ=="
        }
      }
    },
    "serve": {
      "version": "10.1.2",
      "resolved": "https://registry.npmjs.org/serve/-/serve-10.1.2.tgz",
      "integrity": "sha512-TVH35uwndRlCqSeX3grR3Ntrjx2aBTeu6sx+zTD2CzN2N/rHuEDTvxiBwWbrellJNyWiQFz2xZmoW+UxV+Zahg==",
      "requires": {
        "@zeit/schemas": "2.6.0",
        "ajv": "6.5.3",
        "arg": "2.0.0",
        "boxen": "1.3.0",
        "chalk": "2.4.1",
        "clipboardy": "1.2.3",
        "compression": "1.7.3",
        "serve-handler": "5.0.8",
        "update-check": "1.5.2"
      },
      "dependencies": {
        "accepts": {
          "version": "1.3.7",
          "resolved": "https://registry.npmjs.org/accepts/-/accepts-1.3.7.tgz",
          "integrity": "sha512-Il80Qs2WjYlJIBNzNkK6KYqlVMTbZLXgHx2oT0pU/fjRHyEp+PEfEPY0R3WCwAGVOtauxh1hOxNgIf5bv7dQpA==",
          "requires": {
            "mime-types": "~2.1.24",
            "negotiator": "0.6.2"
          }
        },
        "ajv": {
          "version": "6.5.3",
          "resolved": "https://registry.npmjs.org/ajv/-/ajv-6.5.3.tgz",
          "integrity": "sha512-LqZ9wY+fx3UMiiPd741yB2pj3hhil+hQc8taf4o2QGRFpWgZ2V5C8HA165DY9sS3fJwsk7uT7ZlFEyC3Ig3lLg==",
          "requires": {
            "fast-deep-equal": "^2.0.1",
            "fast-json-stable-stringify": "^2.0.0",
            "json-schema-traverse": "^0.4.1",
            "uri-js": "^4.2.2"
          }
        },
        "ansi-align": {
          "version": "2.0.0",
          "resolved": "https://registry.npmjs.org/ansi-align/-/ansi-align-2.0.0.tgz",
          "integrity": "sha1-w2rsy6VjuJzrVW82kPCx2eNUf38=",
          "requires": {
            "string-width": "^2.0.0"
          }
        },
        "ansi-regex": {
          "version": "3.0.0",
          "resolved": "https://registry.npmjs.org/ansi-regex/-/ansi-regex-3.0.0.tgz",
          "integrity": "sha1-7QMXwyIGT3lGbAKWa922Bas32Zg="
        },
        "ansi-styles": {
          "version": "3.2.1",
          "resolved": "https://registry.npmjs.org/ansi-styles/-/ansi-styles-3.2.1.tgz",
          "integrity": "sha512-VT0ZI6kZRdTh8YyJw3SMbYm/u+NqfsAxEpWO0Pf9sq8/e94WxxOpPKx9FR1FlyCtOVDNOQ+8ntlqFxiRc+r5qA==",
          "requires": {
            "color-convert": "^1.9.0"
          }
        },
        "boxen": {
          "version": "1.3.0",
          "resolved": "https://registry.npmjs.org/boxen/-/boxen-1.3.0.tgz",
          "integrity": "sha512-TNPjfTr432qx7yOjQyaXm3dSR0MH9vXp7eT1BFSl/C51g+EFnOR9hTg1IreahGBmDNCehscshe45f+C1TBZbLw==",
          "requires": {
            "ansi-align": "^2.0.0",
            "camelcase": "^4.0.0",
            "chalk": "^2.0.1",
            "cli-boxes": "^1.0.0",
            "string-width": "^2.0.0",
            "term-size": "^1.2.0",
            "widest-line": "^2.0.0"
          }
        },
        "bytes": {
          "version": "3.0.0",
          "resolved": "https://registry.npmjs.org/bytes/-/bytes-3.0.0.tgz",
          "integrity": "sha1-0ygVQE1olpn4Wk6k+odV3ROpYEg="
        },
        "camelcase": {
          "version": "4.1.0",
          "resolved": "https://registry.npmjs.org/camelcase/-/camelcase-4.1.0.tgz",
          "integrity": "sha1-1UVjW+HjPFQmScaRc+Xeas+uNN0="
        },
        "chalk": {
          "version": "2.4.1",
          "resolved": "https://registry.npmjs.org/chalk/-/chalk-2.4.1.tgz",
          "integrity": "sha512-ObN6h1v2fTJSmUXoS3nMQ92LbDK9be4TV+6G+omQlGJFdcUX5heKi1LZ1YnRMIgwTLEj3E24bT6tYni50rlCfQ==",
          "requires": {
            "ansi-styles": "^3.2.1",
            "escape-string-regexp": "^1.0.5",
            "supports-color": "^5.3.0"
          }
        },
        "compressible": {
          "version": "2.0.18",
          "resolved": "https://registry.npmjs.org/compressible/-/compressible-2.0.18.tgz",
          "integrity": "sha512-AF3r7P5dWxL8MxyITRMlORQNaOA2IkAFaTr4k7BUumjPtRpGDTZpl0Pb1XCO6JeDCBdp126Cgs9sMxqSjgYyRg==",
          "requires": {
            "mime-db": ">= 1.43.0 < 2"
          }
        },
        "compression": {
          "version": "1.7.3",
          "resolved": "https://registry.npmjs.org/compression/-/compression-1.7.3.tgz",
          "integrity": "sha512-HSjyBG5N1Nnz7tF2+O7A9XUhyjru71/fwgNb7oIsEVHR0WShfs2tIS/EySLgiTe98aOK18YDlMXpzjCXY/n9mg==",
          "requires": {
            "accepts": "~1.3.5",
            "bytes": "3.0.0",
            "compressible": "~2.0.14",
            "debug": "2.6.9",
            "on-headers": "~1.0.1",
            "safe-buffer": "5.1.2",
            "vary": "~1.1.2"
          }
        },
        "debug": {
          "version": "2.6.9",
          "resolved": "https://registry.npmjs.org/debug/-/debug-2.6.9.tgz",
          "integrity": "sha512-bC7ElrdJaJnPbAP+1EotYvqZsb3ecl5wi6Bfi6BJTUcNowp6cvspg0jXznRTKDjm/E7AdgFBVeAPVMNcKGsHMA==",
          "requires": {
            "ms": "2.0.0"
          }
        },
        "fast-deep-equal": {
          "version": "2.0.1",
          "resolved": "https://registry.npmjs.org/fast-deep-equal/-/fast-deep-equal-2.0.1.tgz",
          "integrity": "sha1-ewUhjd+WZ79/Nwv3/bLLFf3Qqkk="
        },
        "has-flag": {
          "version": "3.0.0",
          "resolved": "https://registry.npmjs.org/has-flag/-/has-flag-3.0.0.tgz",
          "integrity": "sha1-tdRU3CGZriJWmfNGfloH87lVuv0="
        },
        "is-fullwidth-code-point": {
          "version": "2.0.0",
          "resolved": "https://registry.npmjs.org/is-fullwidth-code-point/-/is-fullwidth-code-point-2.0.0.tgz",
          "integrity": "sha1-o7MKXE8ZkYMWeqq5O+764937ZU8="
        },
        "json-schema-traverse": {
          "version": "0.4.1",
          "resolved": "https://registry.npmjs.org/json-schema-traverse/-/json-schema-traverse-0.4.1.tgz",
          "integrity": "sha512-xbbCH5dCYU5T8LcEhhuh7HJ88HXuW3qsI3Y0zOZFKfZEHcpWiHU/Jxzk629Brsab/mMiHQti9wMP+845RPe3Vg=="
        },
        "mime-db": {
          "version": "1.44.0",
          "resolved": "https://registry.npmjs.org/mime-db/-/mime-db-1.44.0.tgz",
          "integrity": "sha512-/NOTfLrsPBVeH7YtFPgsVWveuL+4SjjYxaQ1xtM1KMFj7HdxlBlxeyNLzhyJVx7r4rZGJAZ/6lkKCitSc/Nmpg=="
        },
        "mime-types": {
          "version": "2.1.27",
          "resolved": "https://registry.npmjs.org/mime-types/-/mime-types-2.1.27.tgz",
          "integrity": "sha512-JIhqnCasI9yD+SsmkquHBxTSEuZdQX5BuQnS2Vc7puQQQ+8yiP5AY5uWhpdv4YL4VM5c6iliiYWPgJ/nJQLp7w==",
          "requires": {
            "mime-db": "1.44.0"
          }
        },
        "negotiator": {
          "version": "0.6.2",
          "resolved": "https://registry.npmjs.org/negotiator/-/negotiator-0.6.2.tgz",
          "integrity": "sha512-hZXc7K2e+PgeI1eDBe/10Ard4ekbfrrqG8Ep+8Jmf4JID2bNg7NvCPOZN+kfF574pFQI7mum2AUqDidoKqcTOw=="
        },
        "path-to-regexp": {
          "version": "2.2.1",
          "resolved": "https://registry.npmjs.org/path-to-regexp/-/path-to-regexp-2.2.1.tgz",
          "integrity": "sha512-gu9bD6Ta5bwGrrU8muHzVOBFFREpp2iRkVfhBJahwJ6p6Xw20SjT0MxLnwkjOibQmGSYhiUnf2FLe7k+jcFmGQ=="
        },
        "safe-buffer": {
          "version": "5.1.2",
          "resolved": "https://registry.npmjs.org/safe-buffer/-/safe-buffer-5.1.2.tgz",
          "integrity": "sha512-Gd2UZBJDkXlY7GbJxfsE8/nvKkUEU1G38c1siN6QP6a9PT9MmHB8GnpscSmMJSoF8LOIrt8ud/wPtojys4G6+g=="
        },
        "serve-handler": {
          "version": "5.0.8",
          "resolved": "https://registry.npmjs.org/serve-handler/-/serve-handler-5.0.8.tgz",
          "integrity": "sha512-pqk0SChbBLLHfMIxQ55czjdiW7tj2cFy53svvP8e5VqEN/uB/QpfiTJ8k1uIYeFTDVoi+FGi5aqXScuu88bymg==",
          "requires": {
            "bytes": "3.0.0",
            "content-disposition": "0.5.2",
            "fast-url-parser": "1.1.3",
            "mime-types": "2.1.18",
            "minimatch": "3.0.4",
            "path-is-inside": "1.0.2",
            "path-to-regexp": "2.2.1",
            "range-parser": "1.2.0"
          },
          "dependencies": {
            "mime-db": {
              "version": "1.33.0",
              "resolved": "https://registry.npmjs.org/mime-db/-/mime-db-1.33.0.tgz",
              "integrity": "sha512-BHJ/EKruNIqJf/QahvxwQZXKygOQ256myeN/Ew+THcAa5q+PjyTTMMeNQC4DZw5AwfvelsUrA6B67NKMqXDbzQ=="
            },
            "mime-types": {
              "version": "2.1.18",
              "resolved": "https://registry.npmjs.org/mime-types/-/mime-types-2.1.18.tgz",
              "integrity": "sha512-lc/aahn+t4/SWV/qcmumYjymLsWfN3ELhpmVuUFjgsORruuZPVSwAQryq+HHGvO/SI2KVX26bx+En+zhM8g8hQ==",
              "requires": {
                "mime-db": "~1.33.0"
              }
            }
          }
        },
        "string-width": {
          "version": "2.1.1",
          "resolved": "https://registry.npmjs.org/string-width/-/string-width-2.1.1.tgz",
          "integrity": "sha512-nOqH59deCq9SRHlxq1Aw85Jnt4w6KvLKqWVik6oA9ZklXLNIOlqg4F2yrT1MVaTjAqvVwdfeZ7w7aCvJD7ugkw==",
          "requires": {
            "is-fullwidth-code-point": "^2.0.0",
            "strip-ansi": "^4.0.0"
          }
        },
        "strip-ansi": {
          "version": "4.0.0",
          "resolved": "https://registry.npmjs.org/strip-ansi/-/strip-ansi-4.0.0.tgz",
          "integrity": "sha1-qEeQIusaw2iocTibY1JixQXuNo8=",
          "requires": {
            "ansi-regex": "^3.0.0"
          }
        },
        "supports-color": {
          "version": "5.5.0",
          "resolved": "https://registry.npmjs.org/supports-color/-/supports-color-5.5.0.tgz",
          "integrity": "sha512-QjVjwdXIt408MIiAqCX4oUKsgU2EqAGzs2Ppkm4aQYbjm+ZEWEcW4SfFNTr4uMNZma0ey4f5lgLrkB0aX0QMow==",
          "requires": {
            "has-flag": "^3.0.0"
          }
        },
        "vary": {
          "version": "1.1.2",
          "resolved": "https://registry.npmjs.org/vary/-/vary-1.1.2.tgz",
          "integrity": "sha1-IpnwLG3tMNSllhsLn3RSShj2NPw="
        },
        "widest-line": {
          "version": "2.0.1",
          "resolved": "https://registry.npmjs.org/widest-line/-/widest-line-2.0.1.tgz",
          "integrity": "sha512-Ba5m9/Fa4Xt9eb2ELXt77JxVDV8w7qQrH0zS/TWSJdLyAwQjWoOzpzj5lwVftDz6n/EOu3tNACS84v509qwnJA==",
          "requires": {
            "string-width": "^2.1.1"
          }
        }
      }
    },
    "term-size": {
      "version": "1.2.0",
      "resolved": "https://registry.npmjs.org/term-size/-/term-size-1.2.0.tgz",
      "integrity": "sha1-RYuDiH8oj8Vtb/+/rSYuJmOO+mk="
    },
    "update-check": {
      "version": "1.5.2",
      "resolved": "https://registry.npmjs.org/update-check/-/update-check-1.5.2.tgz",
      "integrity": "sha512-1TrmYLuLj/5ZovwUS7fFd1jMH3NnFDN1y1A8dboedIDt7zs/zJMo6TwwlhYKkSeEwzleeiSBV5/3c9ufAQWDaQ==",
      "dependencies": {
        "registry-auth-token": {
          "version": "3.3.2",
          "resolved": "https://registry.npmjs.org/registry-auth-token/-/registry-auth-token-3.3.2.tgz",
          "integrity": "sha512-JL39c60XlzCVgNrO+qq68FoNb56w/m7JYvGR2jT5iR1xBrUA3Mfx5Twk5rqTThPmQKMWydGmq8oFtDlxfrmxnQ=="
        }
      }
    },
    "uri-js": {
      "version": "4.2.2",
      "resolved": "https://registry.npmjs.org/uri-js/-/uri-js-4.2.2.tgz",
      "integrity": "sha512-KY9Frmirql91X2Qgjry0Wd4Y+YTdrdZheS8TFwvkbLWf/G5KNJDCh6pKL5OZctEW4+0Baa5idK2ZQuELRwPznQ==",
      "dependencies": {
        "punycode": {
          "version": "2.1.1",
          "resolved": "https://registry.npmjs.org/punycode/-/punycode-2.1.1.tgz",
          "integrity": "sha512-XRsRjdf+j5ml+y/6GKHPZbrF/8p2Yga0JPtdqTIY2Xe5ohJPD9saDJJLPvp9+NSBprVvevdXZybnj2cv8OEd0A=="
        }
      }
    }
  }
}
